
Microsoft Visual Studio Solution File, Format Version 12.00
# Visual Studio Version 17
VisualStudioVersion = 17.4.33110.190
MinimumVisualStudioVersion = 10.0.40219.1
Project("{FAE04EC0-301F-11D3-BF4B-00C04F79EFBC}") = "ColorSwitcher", "ColorSwitcher\ColorSwitcher.csproj", "{070978A3-A2F8-4ED7-8CD3-CDE41B661DCD}"
EndProject
Global
	GlobalSection(SolutionConfigurationPlatforms) = preSolution
		Debug|Any CPU = Debug|Any CPU
		Release|Any CPU = Release|Any CPU
	EndGlobalSection
	GlobalSection(ProjectConfigurationPlatforms) = postSolution
		{070978A3-A2F8-4ED7-8CD3-CDE41B661DCD}.Debug|Any CPU.ActiveCfg = Debug|Any CPU
		{070978A3-A2F8-4ED7-8CD3-CDE41B661DCD}.Debug|Any CPU.Build.0 = Debug|Any CPU
		{070978A3-A2F8-4ED7-8CD3-CDE41B661DCD}.Release|Any CPU.ActiveCfg = Release|Any CPU
		{070978A3-A2F8-4ED7-8CD3-CDE41B661DCD}.Release|Any CPU.Build.0 = Release|Any CPU
	EndGlobalSection
	GlobalSection(SolutionProperties) = preSolution
		HideSolutionNode = FALSE
	EndGlobalSection
	GlobalSection(ExtensibilityGlobals) = postSolution
		SolutionGuid = {47B1D829-7876-48F9-A20B-E9C3A459818B}
	EndGlobalSection
EndGlobal
